{
  "originHash" : "8edabe6b228599661c09a182a7f085e88e738e18e97ee4eb53de921dec407513",
  "pins" : [
    {
      "identity" : "inject",
      "kind" : "remoteSourceControl",
      "location" : "https://github.com/krzysztofzablocki/Inject.git",
      "state" : {
        "revision" : "728c56639ecb3df441d51d5bc6747329afabcfc9",
        "version" : "1.5.2"
      }
    },
    {
      "identity" : "symbolpicker",
      "kind" : "remoteSourceControl",
      "location" : "https://github.com/xnth97/SymbolPicker.git",
      "state" : {
        "revision" : "f82b64bcc3d761c9e63aaa10b1912bba72cbf6d8",
        "version" : "1.5.3"
      }
    }
  ],
  "version" : 3
}
